
Microsoft Visual Studio Solution File, Format Version 12.00
# Visual Studio Version 16
VisualStudioVersion = 16.0.29911.84
MinimumVisualStudioVersion = 10.0.40219.1
Project("{FAE04EC0-301F-11D3-BF4B-00C04F79EFBC}") = "GenericStackExample", "GenericStackExample\GenericStackExample.csproj", "{A076C4DD-E98C-40A5-BAB9-5420499654C9}"
EndProject
Global
	GlobalSection(SolutionConfigurationPlatforms) = preSolution
		Debug|Any CPU = Debug|Any CPU
		Release|Any CPU = Release|Any CPU
	EndGlobalSection
	GlobalSection(ProjectConfigurationPlatforms) = postSolution
		{A076C4DD-E98C-40A5-BAB9-5420499654C9}.Debug|Any CPU.ActiveCfg = Debug|Any CPU
		{A076C4DD-E98C-40A5-BAB9-5420499654C9}.Debug|Any CPU.Build.0 = Debug|Any CPU
		{A076C4DD-E98C-40A5-BAB9-5420499654C9}.Release|Any CPU.ActiveCfg = Release|Any CPU
		{A076C4DD-E98C-40A5-BAB9-5420499654C9}.Release|Any CPU.Build.0 = Release|Any CPU
	EndGlobalSection
	GlobalSection(SolutionProperties) = preSolution
		HideSolutionNode = FALSE
	EndGlobalSection
	GlobalSection(ExtensibilityGlobals) = postSolution
		SolutionGuid = {0E1606D6-81FB-4961-89B7-86C59419B6B5}
	EndGlobalSection
EndGlobal
