
Microsoft Visual Studio Solution File, Format Version 12.00
# Visual Studio 14
VisualStudioVersion = 14.0.23107.0
MinimumVisualStudioVersion = 10.0.40219.1
Project("{FAE04EC0-301F-11D3-BF4B-00C04F79EFBC}") = "akassgntoo", "akassgntoo\akassgntoo.csproj", "{9F973C55-F306-46A9-B2BF-4D1DAD01E67E}"
EndProject
Project("{FAE04EC0-301F-11D3-BF4B-00C04F79EFBC}") = "utasstwo", "utasstwo\utasstwo.csproj", "{60EA9015-DF56-4B31-A988-2E2FD4C9DC7D}"
EndProject
Global
	GlobalSection(SolutionConfigurationPlatforms) = preSolution
		Debug|Any CPU = Debug|Any CPU
		Release|Any CPU = Release|Any CPU
	EndGlobalSection
	GlobalSection(ProjectConfigurationPlatforms) = postSolution
		{9F973C55-F306-46A9-B2BF-4D1DAD01E67E}.Debug|Any CPU.ActiveCfg = Debug|Any CPU
		{9F973C55-F306-46A9-B2BF-4D1DAD01E67E}.Debug|Any CPU.Build.0 = Debug|Any CPU
		{9F973C55-F306-46A9-B2BF-4D1DAD01E67E}.Release|Any CPU.ActiveCfg = Release|Any CPU
		{9F973C55-F306-46A9-B2BF-4D1DAD01E67E}.Release|Any CPU.Build.0 = Release|Any CPU
		{60EA9015-DF56-4B31-A988-2E2FD4C9DC7D}.Debug|Any CPU.ActiveCfg = Debug|Any CPU
		{60EA9015-DF56-4B31-A988-2E2FD4C9DC7D}.Debug|Any CPU.Build.0 = Debug|Any CPU
		{60EA9015-DF56-4B31-A988-2E2FD4C9DC7D}.Release|Any CPU.ActiveCfg = Release|Any CPU
		{60EA9015-DF56-4B31-A988-2E2FD4C9DC7D}.Release|Any CPU.Build.0 = Release|Any CPU
	EndGlobalSection
	GlobalSection(SolutionProperties) = preSolution
		HideSolutionNode = FALSE
	EndGlobalSection
EndGlobal
