
Microsoft Visual Studio Solution File, Format Version 12.00
# Visual Studio Version 16
VisualStudioVersion = 16.0.29911.84
MinimumVisualStudioVersion = 10.0.40219.1
Project("{FAE04EC0-301F-11D3-BF4B-00C04F79EFBC}") = "RegistrationFormMvcEF", "RegistrationFormMvcEF\RegistrationFormMvcEF.csproj", "{13169C36-98E9-483E-A35A-8592AD035758}"
EndProject
Global
	GlobalSection(SolutionConfigurationPlatforms) = preSolution
		Debug|Any CPU = Debug|Any CPU
		Release|Any CPU = Release|Any CPU
	EndGlobalSection
	GlobalSection(ProjectConfigurationPlatforms) = postSolution
		{13169C36-98E9-483E-A35A-8592AD035758}.Debug|Any CPU.ActiveCfg = Debug|Any CPU
		{13169C36-98E9-483E-A35A-8592AD035758}.Debug|Any CPU.Build.0 = Debug|Any CPU
		{13169C36-98E9-483E-A35A-8592AD035758}.Release|Any CPU.ActiveCfg = Release|Any CPU
		{13169C36-98E9-483E-A35A-8592AD035758}.Release|Any CPU.Build.0 = Release|Any CPU
	EndGlobalSection
	GlobalSection(SolutionProperties) = preSolution
		HideSolutionNode = FALSE
	EndGlobalSection
	GlobalSection(ExtensibilityGlobals) = postSolution
		SolutionGuid = {50B51793-94D1-410A-B465-2BB765898228}
	EndGlobalSection
EndGlobal
