
Microsoft Visual Studio Solution File, Format Version 12.00
# Visual Studio 14
VisualStudioVersion = 14.0.23107.0
MinimumVisualStudioVersion = 10.0.40219.1
Project("{FAE04EC0-301F-11D3-BF4B-00C04F79EFBC}") = "test3seven", "test3seven\test3seven.csproj", "{E7371850-9D34-4CB7-95CC-AAA368FD6FC2}"
EndProject
Global
	GlobalSection(SolutionConfigurationPlatforms) = preSolution
		Debug|Any CPU = Debug|Any CPU
		Release|Any CPU = Release|Any CPU
	EndGlobalSection
	GlobalSection(ProjectConfigurationPlatforms) = postSolution
		{E7371850-9D34-4CB7-95CC-AAA368FD6FC2}.Debug|Any CPU.ActiveCfg = Debug|Any CPU
		{E7371850-9D34-4CB7-95CC-AAA368FD6FC2}.Debug|Any CPU.Build.0 = Debug|Any CPU
		{E7371850-9D34-4CB7-95CC-AAA368FD6FC2}.Release|Any CPU.ActiveCfg = Release|Any CPU
		{E7371850-9D34-4CB7-95CC-AAA368FD6FC2}.Release|Any CPU.Build.0 = Release|Any CPU
	EndGlobalSection
	GlobalSection(SolutionProperties) = preSolution
		HideSolutionNode = FALSE
	EndGlobalSection
EndGlobal
