
Microsoft Visual Studio Solution File, Format Version 12.00
# Visual Studio Version 16
VisualStudioVersion = 16.0.29911.84
MinimumVisualStudioVersion = 10.0.40219.1
Project("{FAE04EC0-301F-11D3-BF4B-00C04F79EFBC}") = "WebsiteMK", "WebsiteMK\WebsiteMK.csproj", "{88D2C82B-9B17-4A51-B682-9245B2EC6168}"
EndProject
Global
	GlobalSection(SolutionConfigurationPlatforms) = preSolution
		Debug|Any CPU = Debug|Any CPU
		Release|Any CPU = Release|Any CPU
	EndGlobalSection
	GlobalSection(ProjectConfigurationPlatforms) = postSolution
		{88D2C82B-9B17-4A51-B682-9245B2EC6168}.Debug|Any CPU.ActiveCfg = Debug|Any CPU
		{88D2C82B-9B17-4A51-B682-9245B2EC6168}.Debug|Any CPU.Build.0 = Debug|Any CPU
		{88D2C82B-9B17-4A51-B682-9245B2EC6168}.Release|Any CPU.ActiveCfg = Release|Any CPU
		{88D2C82B-9B17-4A51-B682-9245B2EC6168}.Release|Any CPU.Build.0 = Release|Any CPU
	EndGlobalSection
	GlobalSection(SolutionProperties) = preSolution
		HideSolutionNode = FALSE
	EndGlobalSection
	GlobalSection(ExtensibilityGlobals) = postSolution
		SolutionGuid = {FC2D0C5C-E92E-4526-8116-9504ABABC48C}
	EndGlobalSection
EndGlobal
