
Microsoft Visual Studio Solution File, Format Version 12.00
# Visual Studio Version 16
VisualStudioVersion = 16.0.29911.84
MinimumVisualStudioVersion = 10.0.40219.1
Project("{FAE04EC0-301F-11D3-BF4B-00C04F79EFBC}") = "ArithmeticOperatorEx4", "ArithmeticOperatorEx4\ArithmeticOperatorEx4.csproj", "{145A7F5B-842F-4DAE-89B6-16E20289FCFC}"
EndProject
Global
	GlobalSection(SolutionConfigurationPlatforms) = preSolution
		Debug|Any CPU = Debug|Any CPU
		Release|Any CPU = Release|Any CPU
	EndGlobalSection
	GlobalSection(ProjectConfigurationPlatforms) = postSolution
		{145A7F5B-842F-4DAE-89B6-16E20289FCFC}.Debug|Any CPU.ActiveCfg = Debug|Any CPU
		{145A7F5B-842F-4DAE-89B6-16E20289FCFC}.Debug|Any CPU.Build.0 = Debug|Any CPU
		{145A7F5B-842F-4DAE-89B6-16E20289FCFC}.Release|Any CPU.ActiveCfg = Release|Any CPU
		{145A7F5B-842F-4DAE-89B6-16E20289FCFC}.Release|Any CPU.Build.0 = Release|Any CPU
	EndGlobalSection
	GlobalSection(SolutionProperties) = preSolution
		HideSolutionNode = FALSE
	EndGlobalSection
	GlobalSection(ExtensibilityGlobals) = postSolution
		SolutionGuid = {B3C052FB-FBB3-4934-8AE7-9D5A3923702A}
	EndGlobalSection
EndGlobal
