
Microsoft Visual Studio Solution File, Format Version 12.00
# Visual Studio Version 16
VisualStudioVersion = 16.0.29911.84
MinimumVisualStudioVersion = 10.0.40219.1
Project("{FAE04EC0-301F-11D3-BF4B-00C04F79EFBC}") = "ArithmeticOperatorEx8", "ArithmeticOperatorEx8\ArithmeticOperatorEx8.csproj", "{2A97C8D3-7032-4299-A1E6-E16BD288220E}"
EndProject
Global
	GlobalSection(SolutionConfigurationPlatforms) = preSolution
		Debug|Any CPU = Debug|Any CPU
		Release|Any CPU = Release|Any CPU
	EndGlobalSection
	GlobalSection(ProjectConfigurationPlatforms) = postSolution
		{2A97C8D3-7032-4299-A1E6-E16BD288220E}.Debug|Any CPU.ActiveCfg = Debug|Any CPU
		{2A97C8D3-7032-4299-A1E6-E16BD288220E}.Debug|Any CPU.Build.0 = Debug|Any CPU
		{2A97C8D3-7032-4299-A1E6-E16BD288220E}.Release|Any CPU.ActiveCfg = Release|Any CPU
		{2A97C8D3-7032-4299-A1E6-E16BD288220E}.Release|Any CPU.Build.0 = Release|Any CPU
	EndGlobalSection
	GlobalSection(SolutionProperties) = preSolution
		HideSolutionNode = FALSE
	EndGlobalSection
	GlobalSection(ExtensibilityGlobals) = postSolution
		SolutionGuid = {3EB340B4-D62F-45B1-9A29-C2DC79C46E72}
	EndGlobalSection
EndGlobal
