
Microsoft Visual Studio Solution File, Format Version 12.00
# Visual Studio Version 16
VisualStudioVersion = 16.0.29911.84
MinimumVisualStudioVersion = 10.0.40219.1
Project("{FAE04EC0-301F-11D3-BF4B-00C04F79EFBC}") = "WhileLoop3", "WhileLoop3\WhileLoop3.csproj", "{E0B47BC4-1DCB-49E7-A752-FF718AADEDC8}"
EndProject
Global
	GlobalSection(SolutionConfigurationPlatforms) = preSolution
		Debug|Any CPU = Debug|Any CPU
		Release|Any CPU = Release|Any CPU
	EndGlobalSection
	GlobalSection(ProjectConfigurationPlatforms) = postSolution
		{E0B47BC4-1DCB-49E7-A752-FF718AADEDC8}.Debug|Any CPU.ActiveCfg = Debug|Any CPU
		{E0B47BC4-1DCB-49E7-A752-FF718AADEDC8}.Debug|Any CPU.Build.0 = Debug|Any CPU
		{E0B47BC4-1DCB-49E7-A752-FF718AADEDC8}.Release|Any CPU.ActiveCfg = Release|Any CPU
		{E0B47BC4-1DCB-49E7-A752-FF718AADEDC8}.Release|Any CPU.Build.0 = Release|Any CPU
	EndGlobalSection
	GlobalSection(SolutionProperties) = preSolution
		HideSolutionNode = FALSE
	EndGlobalSection
	GlobalSection(ExtensibilityGlobals) = postSolution
		SolutionGuid = {956C7AA3-3858-4CC1-A013-D744CF7BA689}
	EndGlobalSection
EndGlobal
