
Microsoft Visual Studio Solution File, Format Version 12.00
# Visual Studio Version 16
VisualStudioVersion = 16.0.29911.84
MinimumVisualStudioVersion = 10.0.40219.1
Project("{FAE04EC0-301F-11D3-BF4B-00C04F79EFBC}") = "Delegate10", "Delegate10\Delegate10.csproj", "{98DC46A5-B3EF-4CD7-B53F-9C575D711C3A}"
EndProject
Global
	GlobalSection(SolutionConfigurationPlatforms) = preSolution
		Debug|Any CPU = Debug|Any CPU
		Release|Any CPU = Release|Any CPU
	EndGlobalSection
	GlobalSection(ProjectConfigurationPlatforms) = postSolution
		{98DC46A5-B3EF-4CD7-B53F-9C575D711C3A}.Debug|Any CPU.ActiveCfg = Debug|Any CPU
		{98DC46A5-B3EF-4CD7-B53F-9C575D711C3A}.Debug|Any CPU.Build.0 = Debug|Any CPU
		{98DC46A5-B3EF-4CD7-B53F-9C575D711C3A}.Release|Any CPU.ActiveCfg = Release|Any CPU
		{98DC46A5-B3EF-4CD7-B53F-9C575D711C3A}.Release|Any CPU.Build.0 = Release|Any CPU
	EndGlobalSection
	GlobalSection(SolutionProperties) = preSolution
		HideSolutionNode = FALSE
	EndGlobalSection
	GlobalSection(ExtensibilityGlobals) = postSolution
		SolutionGuid = {8C1C42A8-37DC-4D27-A775-3339CB127D66}
	EndGlobalSection
EndGlobal
