
Microsoft Visual Studio Solution File, Format Version 12.00
# Visual Studio Version 16
VisualStudioVersion = 16.0.29911.84
MinimumVisualStudioVersion = 10.0.40219.1
Project("{FAE04EC0-301F-11D3-BF4B-00C04F79EFBC}") = "SwitchExample5", "SwitchExample5\SwitchExample5.csproj", "{CEADFE26-1F6C-43AC-AABF-E097F02E8E48}"
EndProject
Global
	GlobalSection(SolutionConfigurationPlatforms) = preSolution
		Debug|Any CPU = Debug|Any CPU
		Release|Any CPU = Release|Any CPU
	EndGlobalSection
	GlobalSection(ProjectConfigurationPlatforms) = postSolution
		{CEADFE26-1F6C-43AC-AABF-E097F02E8E48}.Debug|Any CPU.ActiveCfg = Debug|Any CPU
		{CEADFE26-1F6C-43AC-AABF-E097F02E8E48}.Debug|Any CPU.Build.0 = Debug|Any CPU
		{CEADFE26-1F6C-43AC-AABF-E097F02E8E48}.Release|Any CPU.ActiveCfg = Release|Any CPU
		{CEADFE26-1F6C-43AC-AABF-E097F02E8E48}.Release|Any CPU.Build.0 = Release|Any CPU
	EndGlobalSection
	GlobalSection(SolutionProperties) = preSolution
		HideSolutionNode = FALSE
	EndGlobalSection
	GlobalSection(ExtensibilityGlobals) = postSolution
		SolutionGuid = {6EBDC076-CD8C-4FE0-A902-2BF80E641C85}
	EndGlobalSection
EndGlobal
