
Microsoft Visual Studio Solution File, Format Version 12.00
# Visual Studio Version 16
VisualStudioVersion = 16.0.29911.84
MinimumVisualStudioVersion = 10.0.40219.1
Project("{FAE04EC0-301F-11D3-BF4B-00C04F79EFBC}") = "doWhileExample8", "doWhileExample8\doWhileExample8.csproj", "{F5B97748-43FA-496C-9FD3-2E5B9B2D071A}"
EndProject
Global
	GlobalSection(SolutionConfigurationPlatforms) = preSolution
		Debug|Any CPU = Debug|Any CPU
		Release|Any CPU = Release|Any CPU
	EndGlobalSection
	GlobalSection(ProjectConfigurationPlatforms) = postSolution
		{F5B97748-43FA-496C-9FD3-2E5B9B2D071A}.Debug|Any CPU.ActiveCfg = Debug|Any CPU
		{F5B97748-43FA-496C-9FD3-2E5B9B2D071A}.Debug|Any CPU.Build.0 = Debug|Any CPU
		{F5B97748-43FA-496C-9FD3-2E5B9B2D071A}.Release|Any CPU.ActiveCfg = Release|Any CPU
		{F5B97748-43FA-496C-9FD3-2E5B9B2D071A}.Release|Any CPU.Build.0 = Release|Any CPU
	EndGlobalSection
	GlobalSection(SolutionProperties) = preSolution
		HideSolutionNode = FALSE
	EndGlobalSection
	GlobalSection(ExtensibilityGlobals) = postSolution
		SolutionGuid = {7314ABD1-51B1-4097-8410-22C0E512D8C0}
	EndGlobalSection
EndGlobal
