
Microsoft Visual Studio Solution File, Format Version 12.00
# Visual Studio Version 16
VisualStudioVersion = 16.0.29911.84
MinimumVisualStudioVersion = 10.0.40219.1
Project("{FAE04EC0-301F-11D3-BF4B-00C04F79EFBC}") = "SwitchExample9", "SwitchExample9\SwitchExample9.csproj", "{FE8E33C0-B908-40B6-95FC-39974B9DCA9A}"
EndProject
Global
	GlobalSection(SolutionConfigurationPlatforms) = preSolution
		Debug|Any CPU = Debug|Any CPU
		Release|Any CPU = Release|Any CPU
	EndGlobalSection
	GlobalSection(ProjectConfigurationPlatforms) = postSolution
		{FE8E33C0-B908-40B6-95FC-39974B9DCA9A}.Debug|Any CPU.ActiveCfg = Debug|Any CPU
		{FE8E33C0-B908-40B6-95FC-39974B9DCA9A}.Debug|Any CPU.Build.0 = Debug|Any CPU
		{FE8E33C0-B908-40B6-95FC-39974B9DCA9A}.Release|Any CPU.ActiveCfg = Release|Any CPU
		{FE8E33C0-B908-40B6-95FC-39974B9DCA9A}.Release|Any CPU.Build.0 = Release|Any CPU
	EndGlobalSection
	GlobalSection(SolutionProperties) = preSolution
		HideSolutionNode = FALSE
	EndGlobalSection
	GlobalSection(ExtensibilityGlobals) = postSolution
		SolutionGuid = {9BEAE871-4073-48FF-8B8D-5EC91926C5C1}
	EndGlobalSection
EndGlobal
