
Microsoft Visual Studio Solution File, Format Version 12.00
# Visual Studio Version 16
VisualStudioVersion = 16.0.29911.84
MinimumVisualStudioVersion = 10.0.40219.1
Project("{FAE04EC0-301F-11D3-BF4B-00C04F79EFBC}") = "TodoApi", "TodoApi\TodoApi.csproj", "{2D7F450F-2C49-4C98-9BBB-41CD14723545}"
EndProject
Global
	GlobalSection(SolutionConfigurationPlatforms) = preSolution
		Debug|Any CPU = Debug|Any CPU
		Release|Any CPU = Release|Any CPU
	EndGlobalSection
	GlobalSection(ProjectConfigurationPlatforms) = postSolution
		{2D7F450F-2C49-4C98-9BBB-41CD14723545}.Debug|Any CPU.ActiveCfg = Debug|Any CPU
		{2D7F450F-2C49-4C98-9BBB-41CD14723545}.Debug|Any CPU.Build.0 = Debug|Any CPU
		{2D7F450F-2C49-4C98-9BBB-41CD14723545}.Release|Any CPU.ActiveCfg = Release|Any CPU
		{2D7F450F-2C49-4C98-9BBB-41CD14723545}.Release|Any CPU.Build.0 = Release|Any CPU
	EndGlobalSection
	GlobalSection(SolutionProperties) = preSolution
		HideSolutionNode = FALSE
	EndGlobalSection
	GlobalSection(ExtensibilityGlobals) = postSolution
		SolutionGuid = {0D2059F0-2967-4A62-95BE-1EEDA4EF4210}
	EndGlobalSection
EndGlobal
