
Microsoft Visual Studio Solution File, Format Version 12.00
# Visual Studio Version 16
VisualStudioVersion = 16.0.29911.84
MinimumVisualStudioVersion = 10.0.40219.1
Project("{FAE04EC0-301F-11D3-BF4B-00C04F79EFBC}") = "Delegate3", "Delegate3\Delegate3.csproj", "{2D9B9240-5FC4-4C43-87A7-8DBB750ED640}"
EndProject
Global
	GlobalSection(SolutionConfigurationPlatforms) = preSolution
		Debug|Any CPU = Debug|Any CPU
		Release|Any CPU = Release|Any CPU
	EndGlobalSection
	GlobalSection(ProjectConfigurationPlatforms) = postSolution
		{2D9B9240-5FC4-4C43-87A7-8DBB750ED640}.Debug|Any CPU.ActiveCfg = Debug|Any CPU
		{2D9B9240-5FC4-4C43-87A7-8DBB750ED640}.Debug|Any CPU.Build.0 = Debug|Any CPU
		{2D9B9240-5FC4-4C43-87A7-8DBB750ED640}.Release|Any CPU.ActiveCfg = Release|Any CPU
		{2D9B9240-5FC4-4C43-87A7-8DBB750ED640}.Release|Any CPU.Build.0 = Release|Any CPU
	EndGlobalSection
	GlobalSection(SolutionProperties) = preSolution
		HideSolutionNode = FALSE
	EndGlobalSection
	GlobalSection(ExtensibilityGlobals) = postSolution
		SolutionGuid = {61088809-FBF2-4151-93F7-E01D7E33BCBC}
	EndGlobalSection
EndGlobal
