
Microsoft Visual Studio Solution File, Format Version 12.00
# Visual Studio Version 16
VisualStudioVersion = 16.0.29911.84
MinimumVisualStudioVersion = 10.0.40219.1
Project("{FAE04EC0-301F-11D3-BF4B-00C04F79EFBC}") = "Delegate5", "Delegate5\Delegate5.csproj", "{693889E7-D350-46A5-9C51-9EEAD8E01CD4}"
EndProject
Global
	GlobalSection(SolutionConfigurationPlatforms) = preSolution
		Debug|Any CPU = Debug|Any CPU
		Release|Any CPU = Release|Any CPU
	EndGlobalSection
	GlobalSection(ProjectConfigurationPlatforms) = postSolution
		{693889E7-D350-46A5-9C51-9EEAD8E01CD4}.Debug|Any CPU.ActiveCfg = Debug|Any CPU
		{693889E7-D350-46A5-9C51-9EEAD8E01CD4}.Debug|Any CPU.Build.0 = Debug|Any CPU
		{693889E7-D350-46A5-9C51-9EEAD8E01CD4}.Release|Any CPU.ActiveCfg = Release|Any CPU
		{693889E7-D350-46A5-9C51-9EEAD8E01CD4}.Release|Any CPU.Build.0 = Release|Any CPU
	EndGlobalSection
	GlobalSection(SolutionProperties) = preSolution
		HideSolutionNode = FALSE
	EndGlobalSection
	GlobalSection(ExtensibilityGlobals) = postSolution
		SolutionGuid = {D25DA062-B8A8-4A44-A9A7-7F7ED5937E79}
	EndGlobalSection
EndGlobal
