
Microsoft Visual Studio Solution File, Format Version 12.00
# Visual Studio Version 16
VisualStudioVersion = 16.0.29911.84
MinimumVisualStudioVersion = 10.0.40219.1
Project("{FAE04EC0-301F-11D3-BF4B-00C04F79EFBC}") = "Delegate2", "Delegate2\Delegate2.csproj", "{5F3A4934-C5F3-4591-952E-6CDE432FAB3B}"
EndProject
Global
	GlobalSection(SolutionConfigurationPlatforms) = preSolution
		Debug|Any CPU = Debug|Any CPU
		Release|Any CPU = Release|Any CPU
	EndGlobalSection
	GlobalSection(ProjectConfigurationPlatforms) = postSolution
		{5F3A4934-C5F3-4591-952E-6CDE432FAB3B}.Debug|Any CPU.ActiveCfg = Debug|Any CPU
		{5F3A4934-C5F3-4591-952E-6CDE432FAB3B}.Debug|Any CPU.Build.0 = Debug|Any CPU
		{5F3A4934-C5F3-4591-952E-6CDE432FAB3B}.Release|Any CPU.ActiveCfg = Release|Any CPU
		{5F3A4934-C5F3-4591-952E-6CDE432FAB3B}.Release|Any CPU.Build.0 = Release|Any CPU
	EndGlobalSection
	GlobalSection(SolutionProperties) = preSolution
		HideSolutionNode = FALSE
	EndGlobalSection
	GlobalSection(ExtensibilityGlobals) = postSolution
		SolutionGuid = {51B4F535-C89A-4370-8A76-CCA0FE872611}
	EndGlobalSection
EndGlobal
