
Microsoft Visual Studio Solution File, Format Version 12.00
# Visual Studio Version 16
VisualStudioVersion = 16.0.29911.84
MinimumVisualStudioVersion = 10.0.40219.1
Project("{FAE04EC0-301F-11D3-BF4B-00C04F79EFBC}") = "SwitchExample", "SwitchExample\SwitchExample.csproj", "{80AB8EA2-93B6-4C51-8D0B-0F981D1AC677}"
EndProject
Global
	GlobalSection(SolutionConfigurationPlatforms) = preSolution
		Debug|Any CPU = Debug|Any CPU
		Release|Any CPU = Release|Any CPU
	EndGlobalSection
	GlobalSection(ProjectConfigurationPlatforms) = postSolution
		{80AB8EA2-93B6-4C51-8D0B-0F981D1AC677}.Debug|Any CPU.ActiveCfg = Debug|Any CPU
		{80AB8EA2-93B6-4C51-8D0B-0F981D1AC677}.Debug|Any CPU.Build.0 = Debug|Any CPU
		{80AB8EA2-93B6-4C51-8D0B-0F981D1AC677}.Release|Any CPU.ActiveCfg = Release|Any CPU
		{80AB8EA2-93B6-4C51-8D0B-0F981D1AC677}.Release|Any CPU.Build.0 = Release|Any CPU
	EndGlobalSection
	GlobalSection(SolutionProperties) = preSolution
		HideSolutionNode = FALSE
	EndGlobalSection
	GlobalSection(ExtensibilityGlobals) = postSolution
		SolutionGuid = {3C212E4E-BB56-4BE6-810C-B16A8E80709E}
	EndGlobalSection
EndGlobal
