
Microsoft Visual Studio Solution File, Format Version 12.00
# Visual Studio Version 16
VisualStudioVersion = 16.0.29911.84
MinimumVisualStudioVersion = 10.0.40219.1
Project("{FAE04EC0-301F-11D3-BF4B-00C04F79EFBC}") = "PolymorphismExample2", "PolymorphismExample2\PolymorphismExample2.csproj", "{CA3EE812-2BA7-4BEC-B3DD-666FC0A2887A}"
EndProject
Global
	GlobalSection(SolutionConfigurationPlatforms) = preSolution
		Debug|Any CPU = Debug|Any CPU
		Release|Any CPU = Release|Any CPU
	EndGlobalSection
	GlobalSection(ProjectConfigurationPlatforms) = postSolution
		{CA3EE812-2BA7-4BEC-B3DD-666FC0A2887A}.Debug|Any CPU.ActiveCfg = Debug|Any CPU
		{CA3EE812-2BA7-4BEC-B3DD-666FC0A2887A}.Debug|Any CPU.Build.0 = Debug|Any CPU
		{CA3EE812-2BA7-4BEC-B3DD-666FC0A2887A}.Release|Any CPU.ActiveCfg = Release|Any CPU
		{CA3EE812-2BA7-4BEC-B3DD-666FC0A2887A}.Release|Any CPU.Build.0 = Release|Any CPU
	EndGlobalSection
	GlobalSection(SolutionProperties) = preSolution
		HideSolutionNode = FALSE
	EndGlobalSection
	GlobalSection(ExtensibilityGlobals) = postSolution
		SolutionGuid = {59767391-52FD-4F7B-9A7C-700C4DA176EA}
	EndGlobalSection
EndGlobal
