
Microsoft Visual Studio Solution File, Format Version 12.00
# Visual Studio Version 16
VisualStudioVersion = 16.0.29911.84
MinimumVisualStudioVersion = 10.0.40219.1
Project("{FAE04EC0-301F-11D3-BF4B-00C04F79EFBC}") = "doWhileExample1", "doWhileExample1\doWhileExample1.csproj", "{FD153072-DDD6-450A-B512-77A6C25F813E}"
EndProject
Global
	GlobalSection(SolutionConfigurationPlatforms) = preSolution
		Debug|Any CPU = Debug|Any CPU
		Release|Any CPU = Release|Any CPU
	EndGlobalSection
	GlobalSection(ProjectConfigurationPlatforms) = postSolution
		{FD153072-DDD6-450A-B512-77A6C25F813E}.Debug|Any CPU.ActiveCfg = Debug|Any CPU
		{FD153072-DDD6-450A-B512-77A6C25F813E}.Debug|Any CPU.Build.0 = Debug|Any CPU
		{FD153072-DDD6-450A-B512-77A6C25F813E}.Release|Any CPU.ActiveCfg = Release|Any CPU
		{FD153072-DDD6-450A-B512-77A6C25F813E}.Release|Any CPU.Build.0 = Release|Any CPU
	EndGlobalSection
	GlobalSection(SolutionProperties) = preSolution
		HideSolutionNode = FALSE
	EndGlobalSection
	GlobalSection(ExtensibilityGlobals) = postSolution
		SolutionGuid = {0D8AB65C-C444-434C-9908-06399D70B1B2}
	EndGlobalSection
EndGlobal
