
Microsoft Visual Studio Solution File, Format Version 12.00
# Visual Studio Version 16
VisualStudioVersion = 16.0.29911.84
MinimumVisualStudioVersion = 10.0.40219.1
Project("{FAE04EC0-301F-11D3-BF4B-00C04F79EFBC}") = "SwitchExample7", "SwitchExample7\SwitchExample7.csproj", "{C01DC2BA-D73B-4A5F-8193-CEC4D1372852}"
EndProject
Global
	GlobalSection(SolutionConfigurationPlatforms) = preSolution
		Debug|Any CPU = Debug|Any CPU
		Release|Any CPU = Release|Any CPU
	EndGlobalSection
	GlobalSection(ProjectConfigurationPlatforms) = postSolution
		{C01DC2BA-D73B-4A5F-8193-CEC4D1372852}.Debug|Any CPU.ActiveCfg = Debug|Any CPU
		{C01DC2BA-D73B-4A5F-8193-CEC4D1372852}.Debug|Any CPU.Build.0 = Debug|Any CPU
		{C01DC2BA-D73B-4A5F-8193-CEC4D1372852}.Release|Any CPU.ActiveCfg = Release|Any CPU
		{C01DC2BA-D73B-4A5F-8193-CEC4D1372852}.Release|Any CPU.Build.0 = Release|Any CPU
	EndGlobalSection
	GlobalSection(SolutionProperties) = preSolution
		HideSolutionNode = FALSE
	EndGlobalSection
	GlobalSection(ExtensibilityGlobals) = postSolution
		SolutionGuid = {EA823D74-E806-4A34-AEE4-D6596BEB2A48}
	EndGlobalSection
EndGlobal
