
Microsoft Visual Studio Solution File, Format Version 12.00
# Visual Studio Version 16
VisualStudioVersion = 16.0.29911.84
MinimumVisualStudioVersion = 10.0.40219.1
Project("{FAE04EC0-301F-11D3-BF4B-00C04F79EFBC}") = "InterfaceExample1", "InterfaceExample1\InterfaceExample1.csproj", "{A623B84B-F5AB-49F2-922E-AFF037022E89}"
EndProject
Global
	GlobalSection(SolutionConfigurationPlatforms) = preSolution
		Debug|Any CPU = Debug|Any CPU
		Release|Any CPU = Release|Any CPU
	EndGlobalSection
	GlobalSection(ProjectConfigurationPlatforms) = postSolution
		{A623B84B-F5AB-49F2-922E-AFF037022E89}.Debug|Any CPU.ActiveCfg = Debug|Any CPU
		{A623B84B-F5AB-49F2-922E-AFF037022E89}.Debug|Any CPU.Build.0 = Debug|Any CPU
		{A623B84B-F5AB-49F2-922E-AFF037022E89}.Release|Any CPU.ActiveCfg = Release|Any CPU
		{A623B84B-F5AB-49F2-922E-AFF037022E89}.Release|Any CPU.Build.0 = Release|Any CPU
	EndGlobalSection
	GlobalSection(SolutionProperties) = preSolution
		HideSolutionNode = FALSE
	EndGlobalSection
	GlobalSection(ExtensibilityGlobals) = postSolution
		SolutionGuid = {7B3E023E-1F47-4196-ADB2-14E2A86FAE91}
	EndGlobalSection
EndGlobal
