
Microsoft Visual Studio Solution File, Format Version 12.00
# Visual Studio Version 16
VisualStudioVersion = 16.0.29911.84
MinimumVisualStudioVersion = 10.0.40219.1
Project("{FAE04EC0-301F-11D3-BF4B-00C04F79EFBC}") = "IfElseStatement4", "IfElseStatement4\IfElseStatement4.csproj", "{1EE8F54F-FEF6-40B2-AEA7-358EBA18FA77}"
EndProject
Global
	GlobalSection(SolutionConfigurationPlatforms) = preSolution
		Debug|Any CPU = Debug|Any CPU
		Release|Any CPU = Release|Any CPU
	EndGlobalSection
	GlobalSection(ProjectConfigurationPlatforms) = postSolution
		{1EE8F54F-FEF6-40B2-AEA7-358EBA18FA77}.Debug|Any CPU.ActiveCfg = Debug|Any CPU
		{1EE8F54F-FEF6-40B2-AEA7-358EBA18FA77}.Debug|Any CPU.Build.0 = Debug|Any CPU
		{1EE8F54F-FEF6-40B2-AEA7-358EBA18FA77}.Release|Any CPU.ActiveCfg = Release|Any CPU
		{1EE8F54F-FEF6-40B2-AEA7-358EBA18FA77}.Release|Any CPU.Build.0 = Release|Any CPU
	EndGlobalSection
	GlobalSection(SolutionProperties) = preSolution
		HideSolutionNode = FALSE
	EndGlobalSection
	GlobalSection(ExtensibilityGlobals) = postSolution
		SolutionGuid = {314E84D9-DEC8-43D8-9B7F-040386CF11B0}
	EndGlobalSection
EndGlobal
