
Microsoft Visual Studio Solution File, Format Version 12.00
# Visual Studio Version 16
VisualStudioVersion = 16.0.29911.84
MinimumVisualStudioVersion = 10.0.40219.1
Project("{FAE04EC0-301F-11D3-BF4B-00C04F79EFBC}") = "GenericSortedListExample", "GenericSortedListExample\GenericSortedListExample.csproj", "{5BE8C9A3-4D6C-441B-A0E5-03931DFFFC8B}"
EndProject
Global
	GlobalSection(SolutionConfigurationPlatforms) = preSolution
		Debug|Any CPU = Debug|Any CPU
		Release|Any CPU = Release|Any CPU
	EndGlobalSection
	GlobalSection(ProjectConfigurationPlatforms) = postSolution
		{5BE8C9A3-4D6C-441B-A0E5-03931DFFFC8B}.Debug|Any CPU.ActiveCfg = Debug|Any CPU
		{5BE8C9A3-4D6C-441B-A0E5-03931DFFFC8B}.Debug|Any CPU.Build.0 = Debug|Any CPU
		{5BE8C9A3-4D6C-441B-A0E5-03931DFFFC8B}.Release|Any CPU.ActiveCfg = Release|Any CPU
		{5BE8C9A3-4D6C-441B-A0E5-03931DFFFC8B}.Release|Any CPU.Build.0 = Release|Any CPU
	EndGlobalSection
	GlobalSection(SolutionProperties) = preSolution
		HideSolutionNode = FALSE
	EndGlobalSection
	GlobalSection(ExtensibilityGlobals) = postSolution
		SolutionGuid = {30A2432C-9C9E-4D00-A58B-1AAB1F353E25}
	EndGlobalSection
EndGlobal
