
Microsoft Visual Studio Solution File, Format Version 12.00
# Visual Studio Version 16
VisualStudioVersion = 16.0.29911.84
MinimumVisualStudioVersion = 10.0.40219.1
Project("{FAE04EC0-301F-11D3-BF4B-00C04F79EFBC}") = "WhileLoop11", "WhileLoop11\WhileLoop11.csproj", "{6318AE5F-1882-4467-8EB4-E1EC16EFBDFC}"
EndProject
Global
	GlobalSection(SolutionConfigurationPlatforms) = preSolution
		Debug|Any CPU = Debug|Any CPU
		Release|Any CPU = Release|Any CPU
	EndGlobalSection
	GlobalSection(ProjectConfigurationPlatforms) = postSolution
		{6318AE5F-1882-4467-8EB4-E1EC16EFBDFC}.Debug|Any CPU.ActiveCfg = Debug|Any CPU
		{6318AE5F-1882-4467-8EB4-E1EC16EFBDFC}.Debug|Any CPU.Build.0 = Debug|Any CPU
		{6318AE5F-1882-4467-8EB4-E1EC16EFBDFC}.Release|Any CPU.ActiveCfg = Release|Any CPU
		{6318AE5F-1882-4467-8EB4-E1EC16EFBDFC}.Release|Any CPU.Build.0 = Release|Any CPU
	EndGlobalSection
	GlobalSection(SolutionProperties) = preSolution
		HideSolutionNode = FALSE
	EndGlobalSection
	GlobalSection(ExtensibilityGlobals) = postSolution
		SolutionGuid = {5E114B20-0DDE-4E84-83A1-73A53A50481E}
	EndGlobalSection
EndGlobal
