
Microsoft Visual Studio Solution File, Format Version 12.00
# Visual Studio Version 16
VisualStudioVersion = 16.0.29911.84
MinimumVisualStudioVersion = 10.0.40219.1
Project("{FAE04EC0-301F-11D3-BF4B-00C04F79EFBC}") = "Delegate4", "Delegate4\Delegate4.csproj", "{B6C1D0C7-204D-4BCA-99D8-74FA0AB9633A}"
EndProject
Global
	GlobalSection(SolutionConfigurationPlatforms) = preSolution
		Debug|Any CPU = Debug|Any CPU
		Release|Any CPU = Release|Any CPU
	EndGlobalSection
	GlobalSection(ProjectConfigurationPlatforms) = postSolution
		{B6C1D0C7-204D-4BCA-99D8-74FA0AB9633A}.Debug|Any CPU.ActiveCfg = Debug|Any CPU
		{B6C1D0C7-204D-4BCA-99D8-74FA0AB9633A}.Debug|Any CPU.Build.0 = Debug|Any CPU
		{B6C1D0C7-204D-4BCA-99D8-74FA0AB9633A}.Release|Any CPU.ActiveCfg = Release|Any CPU
		{B6C1D0C7-204D-4BCA-99D8-74FA0AB9633A}.Release|Any CPU.Build.0 = Release|Any CPU
	EndGlobalSection
	GlobalSection(SolutionProperties) = preSolution
		HideSolutionNode = FALSE
	EndGlobalSection
	GlobalSection(ExtensibilityGlobals) = postSolution
		SolutionGuid = {75949394-8406-48D8-B4D9-16B5B4904420}
	EndGlobalSection
EndGlobal
