
Microsoft Visual Studio Solution File, Format Version 12.00
# Visual Studio Version 16
VisualStudioVersion = 16.0.29911.84
MinimumVisualStudioVersion = 10.0.40219.1
Project("{FAE04EC0-301F-11D3-BF4B-00C04F79EFBC}") = "WhileLoop9", "WhileLoop9\WhileLoop9.csproj", "{84C1C0BF-30B8-459B-BE65-247F63ADC358}"
EndProject
Global
	GlobalSection(SolutionConfigurationPlatforms) = preSolution
		Debug|Any CPU = Debug|Any CPU
		Release|Any CPU = Release|Any CPU
	EndGlobalSection
	GlobalSection(ProjectConfigurationPlatforms) = postSolution
		{84C1C0BF-30B8-459B-BE65-247F63ADC358}.Debug|Any CPU.ActiveCfg = Debug|Any CPU
		{84C1C0BF-30B8-459B-BE65-247F63ADC358}.Debug|Any CPU.Build.0 = Debug|Any CPU
		{84C1C0BF-30B8-459B-BE65-247F63ADC358}.Release|Any CPU.ActiveCfg = Release|Any CPU
		{84C1C0BF-30B8-459B-BE65-247F63ADC358}.Release|Any CPU.Build.0 = Release|Any CPU
	EndGlobalSection
	GlobalSection(SolutionProperties) = preSolution
		HideSolutionNode = FALSE
	EndGlobalSection
	GlobalSection(ExtensibilityGlobals) = postSolution
		SolutionGuid = {B0317149-0918-4EE2-BE9A-05F8B8294619}
	EndGlobalSection
EndGlobal
