
Microsoft Visual Studio Solution File, Format Version 12.00
# Visual Studio Version 16
VisualStudioVersion = 16.0.29911.84
MinimumVisualStudioVersion = 10.0.40219.1
Project("{FAE04EC0-301F-11D3-BF4B-00C04F79EFBC}") = "SwitchExample1", "SwitchExample1\SwitchExample1.csproj", "{8A400894-FFE4-4037-B92F-28DA7782B290}"
EndProject
Global
	GlobalSection(SolutionConfigurationPlatforms) = preSolution
		Debug|Any CPU = Debug|Any CPU
		Release|Any CPU = Release|Any CPU
	EndGlobalSection
	GlobalSection(ProjectConfigurationPlatforms) = postSolution
		{8A400894-FFE4-4037-B92F-28DA7782B290}.Debug|Any CPU.ActiveCfg = Debug|Any CPU
		{8A400894-FFE4-4037-B92F-28DA7782B290}.Debug|Any CPU.Build.0 = Debug|Any CPU
		{8A400894-FFE4-4037-B92F-28DA7782B290}.Release|Any CPU.ActiveCfg = Release|Any CPU
		{8A400894-FFE4-4037-B92F-28DA7782B290}.Release|Any CPU.Build.0 = Release|Any CPU
	EndGlobalSection
	GlobalSection(SolutionProperties) = preSolution
		HideSolutionNode = FALSE
	EndGlobalSection
	GlobalSection(ExtensibilityGlobals) = postSolution
		SolutionGuid = {AF93B911-8DAB-472D-8225-732F5C7DB16C}
	EndGlobalSection
EndGlobal
