
Microsoft Visual Studio Solution File, Format Version 12.00
# Visual Studio Version 16
VisualStudioVersion = 16.0.29911.84
MinimumVisualStudioVersion = 10.0.40219.1
Project("{FAE04EC0-301F-11D3-BF4B-00C04F79EFBC}") = "IfElseStatement1", "IfElseStatement1\IfElseStatement1.csproj", "{F675745B-C497-4A77-AECD-F0C6CB25F13A}"
EndProject
Global
	GlobalSection(SolutionConfigurationPlatforms) = preSolution
		Debug|Any CPU = Debug|Any CPU
		Release|Any CPU = Release|Any CPU
	EndGlobalSection
	GlobalSection(ProjectConfigurationPlatforms) = postSolution
		{F675745B-C497-4A77-AECD-F0C6CB25F13A}.Debug|Any CPU.ActiveCfg = Debug|Any CPU
		{F675745B-C497-4A77-AECD-F0C6CB25F13A}.Debug|Any CPU.Build.0 = Debug|Any CPU
		{F675745B-C497-4A77-AECD-F0C6CB25F13A}.Release|Any CPU.ActiveCfg = Release|Any CPU
		{F675745B-C497-4A77-AECD-F0C6CB25F13A}.Release|Any CPU.Build.0 = Release|Any CPU
	EndGlobalSection
	GlobalSection(SolutionProperties) = preSolution
		HideSolutionNode = FALSE
	EndGlobalSection
	GlobalSection(ExtensibilityGlobals) = postSolution
		SolutionGuid = {8A9FDAF7-51A5-4098-A51B-3CB397F39D97}
	EndGlobalSection
EndGlobal
