
Microsoft Visual Studio Solution File, Format Version 12.00
# Visual Studio Version 16
VisualStudioVersion = 16.0.29911.84
MinimumVisualStudioVersion = 10.0.40219.1
Project("{FAE04EC0-301F-11D3-BF4B-00C04F79EFBC}") = "LambdaAss2", "LambdaAss2\LambdaAss2.csproj", "{B45081C7-5DC4-447E-A604-7A201CA6D656}"
EndProject
Global
	GlobalSection(SolutionConfigurationPlatforms) = preSolution
		Debug|Any CPU = Debug|Any CPU
		Release|Any CPU = Release|Any CPU
	EndGlobalSection
	GlobalSection(ProjectConfigurationPlatforms) = postSolution
		{B45081C7-5DC4-447E-A604-7A201CA6D656}.Debug|Any CPU.ActiveCfg = Debug|Any CPU
		{B45081C7-5DC4-447E-A604-7A201CA6D656}.Debug|Any CPU.Build.0 = Debug|Any CPU
		{B45081C7-5DC4-447E-A604-7A201CA6D656}.Release|Any CPU.ActiveCfg = Release|Any CPU
		{B45081C7-5DC4-447E-A604-7A201CA6D656}.Release|Any CPU.Build.0 = Release|Any CPU
	EndGlobalSection
	GlobalSection(SolutionProperties) = preSolution
		HideSolutionNode = FALSE
	EndGlobalSection
	GlobalSection(ExtensibilityGlobals) = postSolution
		SolutionGuid = {B3DF8580-5F30-4921-9C6F-DEA39EF7071D}
	EndGlobalSection
EndGlobal
