
Microsoft Visual Studio Solution File, Format Version 12.00
# Visual Studio Version 16
VisualStudioVersion = 16.0.29911.84
MinimumVisualStudioVersion = 10.0.40219.1
Project("{FAE04EC0-301F-11D3-BF4B-00C04F79EFBC}") = "InterfaceExample3", "InterfaceExample3\InterfaceExample3.csproj", "{34BCB578-3317-4F8A-A246-14A8B8677CF5}"
EndProject
Global
	GlobalSection(SolutionConfigurationPlatforms) = preSolution
		Debug|Any CPU = Debug|Any CPU
		Release|Any CPU = Release|Any CPU
	EndGlobalSection
	GlobalSection(ProjectConfigurationPlatforms) = postSolution
		{34BCB578-3317-4F8A-A246-14A8B8677CF5}.Debug|Any CPU.ActiveCfg = Debug|Any CPU
		{34BCB578-3317-4F8A-A246-14A8B8677CF5}.Debug|Any CPU.Build.0 = Debug|Any CPU
		{34BCB578-3317-4F8A-A246-14A8B8677CF5}.Release|Any CPU.ActiveCfg = Release|Any CPU
		{34BCB578-3317-4F8A-A246-14A8B8677CF5}.Release|Any CPU.Build.0 = Release|Any CPU
	EndGlobalSection
	GlobalSection(SolutionProperties) = preSolution
		HideSolutionNode = FALSE
	EndGlobalSection
	GlobalSection(ExtensibilityGlobals) = postSolution
		SolutionGuid = {B5FE87E9-516C-4452-A4CE-2786EE2B6B72}
	EndGlobalSection
EndGlobal
