
Microsoft Visual Studio Solution File, Format Version 12.00
# Visual Studio Version 16
VisualStudioVersion = 16.0.29911.84
MinimumVisualStudioVersion = 10.0.40219.1
Project("{FAE04EC0-301F-11D3-BF4B-00C04F79EFBC}") = "ArithmeticOperatorEx6", "ArithmeticOperatorEx6\ArithmeticOperatorEx6.csproj", "{5C888774-E391-4996-B968-74D5E3CDBDB9}"
EndProject
Global
	GlobalSection(SolutionConfigurationPlatforms) = preSolution
		Debug|Any CPU = Debug|Any CPU
		Release|Any CPU = Release|Any CPU
	EndGlobalSection
	GlobalSection(ProjectConfigurationPlatforms) = postSolution
		{5C888774-E391-4996-B968-74D5E3CDBDB9}.Debug|Any CPU.ActiveCfg = Debug|Any CPU
		{5C888774-E391-4996-B968-74D5E3CDBDB9}.Debug|Any CPU.Build.0 = Debug|Any CPU
		{5C888774-E391-4996-B968-74D5E3CDBDB9}.Release|Any CPU.ActiveCfg = Release|Any CPU
		{5C888774-E391-4996-B968-74D5E3CDBDB9}.Release|Any CPU.Build.0 = Release|Any CPU
	EndGlobalSection
	GlobalSection(SolutionProperties) = preSolution
		HideSolutionNode = FALSE
	EndGlobalSection
	GlobalSection(ExtensibilityGlobals) = postSolution
		SolutionGuid = {7DFE002F-4214-42AE-B5FD-2326F35ECCD1}
	EndGlobalSection
EndGlobal
