
Microsoft Visual Studio Solution File, Format Version 12.00
# Visual Studio 14
VisualStudioVersion = 14.0.23107.0
MinimumVisualStudioVersion = 10.0.40219.1
Project("{FAE04EC0-301F-11D3-BF4B-00C04F79EFBC}") = "ArrayofObj3", "ArrayofObj3\ArrayofObj3.csproj", "{DCA6FEB5-92FD-4C46-9F95-175CF208807D}"
EndProject
Global
	GlobalSection(SolutionConfigurationPlatforms) = preSolution
		Debug|Any CPU = Debug|Any CPU
		Release|Any CPU = Release|Any CPU
	EndGlobalSection
	GlobalSection(ProjectConfigurationPlatforms) = postSolution
		{DCA6FEB5-92FD-4C46-9F95-175CF208807D}.Debug|Any CPU.ActiveCfg = Debug|Any CPU
		{DCA6FEB5-92FD-4C46-9F95-175CF208807D}.Debug|Any CPU.Build.0 = Debug|Any CPU
		{DCA6FEB5-92FD-4C46-9F95-175CF208807D}.Release|Any CPU.ActiveCfg = Release|Any CPU
		{DCA6FEB5-92FD-4C46-9F95-175CF208807D}.Release|Any CPU.Build.0 = Release|Any CPU
	EndGlobalSection
	GlobalSection(SolutionProperties) = preSolution
		HideSolutionNode = FALSE
	EndGlobalSection
EndGlobal
