
Microsoft Visual Studio Solution File, Format Version 12.00
# Visual Studio 14
VisualStudioVersion = 14.0.23107.0
MinimumVisualStudioVersion = 10.0.40219.1
Project("{FAE04EC0-301F-11D3-BF4B-00C04F79EFBC}") = "RS5two", "RS5two\RS5two.csproj", "{2C38BA5A-502A-4638-A8E7-AF3F6B73D35A}"
EndProject
Global
	GlobalSection(SolutionConfigurationPlatforms) = preSolution
		Debug|Any CPU = Debug|Any CPU
		Release|Any CPU = Release|Any CPU
	EndGlobalSection
	GlobalSection(ProjectConfigurationPlatforms) = postSolution
		{2C38BA5A-502A-4638-A8E7-AF3F6B73D35A}.Debug|Any CPU.ActiveCfg = Debug|Any CPU
		{2C38BA5A-502A-4638-A8E7-AF3F6B73D35A}.Debug|Any CPU.Build.0 = Debug|Any CPU
		{2C38BA5A-502A-4638-A8E7-AF3F6B73D35A}.Release|Any CPU.ActiveCfg = Release|Any CPU
		{2C38BA5A-502A-4638-A8E7-AF3F6B73D35A}.Release|Any CPU.Build.0 = Release|Any CPU
	EndGlobalSection
	GlobalSection(SolutionProperties) = preSolution
		HideSolutionNode = FALSE
	EndGlobalSection
EndGlobal
