
Microsoft Visual Studio Solution File, Format Version 12.00
# Visual Studio 14
VisualStudioVersion = 14.0.23107.0
MinimumVisualStudioVersion = 10.0.40219.1
Project("{FAE04EC0-301F-11D3-BF4B-00C04F79EFBC}") = "RS5five", "RS5five\RS5five.csproj", "{1368ED28-0948-4EF7-8FF2-906375563C26}"
EndProject
Global
	GlobalSection(SolutionConfigurationPlatforms) = preSolution
		Debug|Any CPU = Debug|Any CPU
		Release|Any CPU = Release|Any CPU
	EndGlobalSection
	GlobalSection(ProjectConfigurationPlatforms) = postSolution
		{1368ED28-0948-4EF7-8FF2-906375563C26}.Debug|Any CPU.ActiveCfg = Debug|Any CPU
		{1368ED28-0948-4EF7-8FF2-906375563C26}.Debug|Any CPU.Build.0 = Debug|Any CPU
		{1368ED28-0948-4EF7-8FF2-906375563C26}.Release|Any CPU.ActiveCfg = Release|Any CPU
		{1368ED28-0948-4EF7-8FF2-906375563C26}.Release|Any CPU.Build.0 = Release|Any CPU
	EndGlobalSection
	GlobalSection(SolutionProperties) = preSolution
		HideSolutionNode = FALSE
	EndGlobalSection
EndGlobal
