
Microsoft Visual Studio Solution File, Format Version 12.00
# Visual Studio Version 16
VisualStudioVersion = 16.0.29911.84
MinimumVisualStudioVersion = 10.0.40219.1
Project("{FAE04EC0-301F-11D3-BF4B-00C04F79EFBC}") = "InterfaceExample2", "InterfaceExample2\InterfaceExample2.csproj", "{D46759BD-479B-4A4F-9A99-7D9AD69A2648}"
EndProject
Global
	GlobalSection(SolutionConfigurationPlatforms) = preSolution
		Debug|Any CPU = Debug|Any CPU
		Release|Any CPU = Release|Any CPU
	EndGlobalSection
	GlobalSection(ProjectConfigurationPlatforms) = postSolution
		{D46759BD-479B-4A4F-9A99-7D9AD69A2648}.Debug|Any CPU.ActiveCfg = Debug|Any CPU
		{D46759BD-479B-4A4F-9A99-7D9AD69A2648}.Debug|Any CPU.Build.0 = Debug|Any CPU
		{D46759BD-479B-4A4F-9A99-7D9AD69A2648}.Release|Any CPU.ActiveCfg = Release|Any CPU
		{D46759BD-479B-4A4F-9A99-7D9AD69A2648}.Release|Any CPU.Build.0 = Release|Any CPU
	EndGlobalSection
	GlobalSection(SolutionProperties) = preSolution
		HideSolutionNode = FALSE
	EndGlobalSection
	GlobalSection(ExtensibilityGlobals) = postSolution
		SolutionGuid = {F582C1EB-E2E3-42A5-9F26-3882C320C25D}
	EndGlobalSection
EndGlobal
